{
  "nodes": {
    "bash": {
      "inputs": {
        "nixpkgs": "nixpkgs"
      },
      "locked": {
        "path": "./modules/bash",
        "type": "path"
      },
      "original": {
        "path": "./modules/bash",
        "type": "path"
      },
      "parent": []
    },
    "nixpkgs": {
      "locked": {
        "lastModified": 1756170157,
        "narHash": "sha256-z6Ncggj8d0aARiffIMyQCNkQlUVg2t7x1T5kgjZ4YXA=",
        "owner": "nixos",
        "repo": "nixpkgs",
        "rev": "04ddf3f8e33ec16a4883cdd01ec893931448d070",
        "type": "github"
      },
      "original": {
        "owner": "nixos",
        "repo": "nixpkgs",
        "type": "github"
      }
    },
    "nixpkgs-small": {
      "locked": {
        "lastModified": 1756128821,
        "narHash": "sha256-898o/Zx0TDqMt8Z3y5wR7zcfGjntPFAVxN6SZcxLhLo=",
        "owner": "NixOS",
        "repo": "nixpkgs",
        "rev": "60b68fabf9c84ef50ee129616c60c66af976e90c",
        "type": "github"
      },
      "original": {
        "owner": "NixOS",
        "ref": "nixos-25.05-small",
        "repo": "nixpkgs",
        "type": "github"
      }
    },
    "nixpkgs-stable": {
      "locked": {
        "lastModified": 1755922037,
        "narHash": "sha256-wY1+2JPH0ZZC4BQefoZw/k+3+DowFyfOxv17CN/idKs=",
        "owner": "NixOS",
        "repo": "nixpkgs",
        "rev": "b1b3291469652d5a2edb0becc4ef0246fff97a7c",
        "type": "github"
      },
      "original": {
        "owner": "NixOS",
        "ref": "nixos-25.05",
        "repo": "nixpkgs",
        "type": "github"
      }
    },
    "nixpkgs-unstable": {
      "locked": {
        "lastModified": 1755615617,
        "narHash": "sha256-HMwfAJBdrr8wXAkbGhtcby1zGFvs+StOp19xNsbqdOg=",
        "owner": "NixOS",
        "repo": "nixpkgs",
        "rev": "20075955deac2583bb12f07151c2df830ef346b4",
        "type": "github"
      },
      "original": {
        "owner": "NixOS",
        "ref": "nixos-unstable",
        "repo": "nixpkgs",
        "type": "github"
      }
    },
    "nixpkgs_2": {
      "locked": {
        "lastModified": 1744868846,
        "narHash": "sha256-5RJTdUHDmj12Qsv7XOhuospjAjATNiTMElplWnJE9Hs=",
        "owner": "NixOS",
        "repo": "nixpkgs",
        "rev": "ebe4301cbd8f81c4f8d3244b3632338bbeb6d49c",
        "type": "github"
      },
      "original": {
        "owner": "NixOS",
        "ref": "nixpkgs-unstable",
        "repo": "nixpkgs",
        "type": "github"
      }
    },
    "root": {
      "inputs": {
        "bash": "bash",
        "nixpkgs-small": "nixpkgs-small",
        "nixpkgs-stable": "nixpkgs-stable",
        "nixpkgs-unstable": "nixpkgs-unstable",
        "sops-nix": "sops-nix"
      }
    },
    "sops-nix": {
      "inputs": {
        "nixpkgs": "nixpkgs_2"
      },
      "locked": {
        "lastModified": 1754988908,
        "narHash": "sha256-t+voe2961vCgrzPFtZxha0/kmFSHFobzF00sT8p9h0U=",
        "owner": "Mic92",
        "repo": "sops-nix",
        "rev": "3223c7a92724b5d804e9988c6b447a0d09017d48",
        "type": "github"
      },
      "original": {
        "owner": "Mic92",
        "repo": "sops-nix",
        "type": "github"
      }
    }
  },
  "root": "root",
  "version": 7
}
