{
  "nodes": {
    "nixpkgs": {
      "locked": {
        "lastModified": 1729265718,
        "narHash": "sha256-4HQI+6LsO3kpWTYuVGIzhJs1cetFcwT7quWCk/6rqeo=",
        "owner": "NixOS",
        "repo": "nixpkgs",
        "rev": "ccc0c2126893dd20963580b6478d1a10a4512185",
        "type": "github"
      },
      "original": {
        "owner": "NixOS",
        "ref": "nixpkgs-unstable",
        "repo": "nixpkgs",
        "type": "github"
      }
    },
    "nixpkgs-small": {
      "locked": {
        "lastModified": 1729489324,
        "narHash": "sha256-xAa7WPbtymWsI/15oC2zUBjkpHYCZ+gFMiav2lrlRH8=",
        "owner": "NixOS",
        "repo": "nixpkgs",
        "rev": "e2589a4d25269cfa6a22022d01cd740d8abaa82b",
        "type": "github"
      },
      "original": {
        "owner": "NixOS",
        "ref": "nixos-24.05-small",
        "repo": "nixpkgs",
        "type": "github"
      }
    },
    "nixpkgs-stable": {
      "locked": {
        "lastModified": 1729307008,
        "narHash": "sha256-QUvb6epgKi9pCu9CttRQW4y5NqJ+snKr1FZpG/x3Wtc=",
        "owner": "NixOS",
        "repo": "nixpkgs",
        "rev": "a9b86fc2290b69375c5542b622088eb6eca2a7c3",
        "type": "github"
      },
      "original": {
        "owner": "NixOS",
        "ref": "nixos-24.05",
        "repo": "nixpkgs",
        "type": "github"
      }
    },
    "nixpkgs-stable_2": {
      "locked": {
        "lastModified": 1729357638,
        "narHash": "sha256-66RHecx+zohbZwJVEPF7uuwHeqf8rykZTMCTqIrOew4=",
        "owner": "NixOS",
        "repo": "nixpkgs",
        "rev": "bb8c2cf7ea0dd2e18a52746b2c3a5b0c73b93c22",
        "type": "github"
      },
      "original": {
        "owner": "NixOS",
        "ref": "release-24.05",
        "repo": "nixpkgs",
        "type": "github"
      }
    },
    "nixpkgs-unstable": {
      "locked": {
        "lastModified": 1729256560,
        "narHash": "sha256-/uilDXvCIEs3C9l73JTACm4quuHUsIHcns1c+cHUJwA=",
        "owner": "NixOS",
        "repo": "nixpkgs",
        "rev": "4c2fcb090b1f3e5b47eaa7bd33913b574a11e0a0",
        "type": "github"
      },
      "original": {
        "owner": "NixOS",
        "ref": "nixos-unstable",
        "repo": "nixpkgs",
        "type": "github"
      }
    },
    "root": {
      "inputs": {
        "nixpkgs-small": "nixpkgs-small",
        "nixpkgs-stable": "nixpkgs-stable",
        "nixpkgs-unstable": "nixpkgs-unstable",
        "sops-nix": "sops-nix",
        "vars": "vars"
      }
    },
    "sops-nix": {
      "inputs": {
        "nixpkgs": "nixpkgs",
        "nixpkgs-stable": "nixpkgs-stable_2"
      },
      "locked": {
        "lastModified": 1729394972,
        "narHash": "sha256-fADlzOzcSaGsrO+THUZ8SgckMMc7bMQftztKFCLVcFI=",
        "owner": "Mic92",
        "repo": "sops-nix",
        "rev": "c504fd7ac946d7a1b17944d73b261ca0a0b226a5",
        "type": "github"
      },
      "original": {
        "owner": "Mic92",
        "repo": "sops-nix",
        "type": "github"
      }
    },
    "vars": {
      "flake": false,
      "locked": {
        "lastModified": 1729384723,
        "narHash": "sha256-bp8yj1BCIx6PmH58rtVbPBNAWJHaQLXgaFz0/6e90DM=",
        "path": "/etc/vars.nix",
        "type": "path"
      },
      "original": {
        "path": "/etc/vars.nix",
        "type": "path"
      }
    }
  },
  "root": "root",
  "version": 7
}
