{
  "nodes": {
    "nixpkgs": {
      "locked": {
        "lastModified": 1754273551,
        "narHash": "sha256-bDTzI62sURCRc1PLENhak1w0QS6zasP0QFrdA9ehh2I=",
        "owner": "nixos",
        "repo": "nixpkgs",
        "rev": "c69c902cd373a8834641bc8b2712b19b83b01149",
        "type": "github"
      },
      "original": {
        "owner": "nixos",
        "repo": "nixpkgs",
        "type": "github"
      }
    },
    "root": {
      "inputs": {
        "nixpkgs": "nixpkgs"
      }
    }
  },
  "root": "root",
  "version": 7
}
